
Microsoft Visual Studio Solution File, Format Version 12.00
# Visual Studio Version 17
VisualStudioVersion = 17.7.34031.279
MinimumVisualStudioVersion = 10.0.40219.1
Project("{FAE04EC0-301F-11D3-BF4B-00C04F79EFBC}") = "Lab3ready", "Lab3ready\Lab3ready.csproj", "{3102DD11-CE42-43B0-B751-60C7E6F4E809}"
EndProject
Project("{FAE04EC0-301F-11D3-BF4B-00C04F79EFBC}") = "Lab3ready.Tests", "Lab3ready.Tests\Lab3ready.Tests.csproj", "{A4AEFBDA-BE4F-4AAD-B328-71B834B15B2B}"
EndProject
Global
	GlobalSection(SolutionConfigurationPlatforms) = preSolution
		Debug|Any CPU = Debug|Any CPU
		Release|Any CPU = Release|Any CPU
	EndGlobalSection
	GlobalSection(ProjectConfigurationPlatforms) = postSolution
		{3102DD11-CE42-43B0-B751-60C7E6F4E809}.Debug|Any CPU.ActiveCfg = Debug|Any CPU
		{3102DD11-CE42-43B0-B751-60C7E6F4E809}.Debug|Any CPU.Build.0 = Debug|Any CPU
		{3102DD11-CE42-43B0-B751-60C7E6F4E809}.Release|Any CPU.ActiveCfg = Release|Any CPU
		{3102DD11-CE42-43B0-B751-60C7E6F4E809}.Release|Any CPU.Build.0 = Release|Any CPU
		{A4AEFBDA-BE4F-4AAD-B328-71B834B15B2B}.Debug|Any CPU.ActiveCfg = Debug|Any CPU
		{A4AEFBDA-BE4F-4AAD-B328-71B834B15B2B}.Debug|Any CPU.Build.0 = Debug|Any CPU
		{A4AEFBDA-BE4F-4AAD-B328-71B834B15B2B}.Release|Any CPU.ActiveCfg = Release|Any CPU
		{A4AEFBDA-BE4F-4AAD-B328-71B834B15B2B}.Release|Any CPU.Build.0 = Release|Any CPU
	EndGlobalSection
	GlobalSection(SolutionProperties) = preSolution
		HideSolutionNode = FALSE
	EndGlobalSection
	GlobalSection(ExtensibilityGlobals) = postSolution
		SolutionGuid = {8AF3F495-DCCC-470F-8DE5-C979761E31C3}
	EndGlobalSection
EndGlobal
